
Microsoft Visual Studio Solution File, Format Version 12.00
# Visual Studio Version 17
VisualStudioVersion = 17.1.31911.260
MinimumVisualStudioVersion = 10.0.40219.1
Project("{9A19103F-16F7-4668-BE54-9A1E7A4F7556}") = "Diga.Core.Json", "Diga.Core.Json\Diga.Core.Json.csproj", "{A7FD0815-B8F0-4BB4-9867-B9FF465EAAB4}"
EndProject
Project("{FAE04EC0-301F-11D3-BF4B-00C04F79EFBC}") = "Diga.Core.Json.Test", "Diga.Core.Json.Test\Diga.Core.Json.Test.csproj", "{C823E8C4-2FF7-40A6-9ECC-652464ABB78D}"
EndProject
Global
	GlobalSection(SolutionConfigurationPlatforms) = preSolution
		Debug|Any CPU = Debug|Any CPU
		Release|Any CPU = Release|Any CPU
	EndGlobalSection
	GlobalSection(ProjectConfigurationPlatforms) = postSolution
		{A7FD0815-B8F0-4BB4-9867-B9FF465EAAB4}.Debug|Any CPU.ActiveCfg = Debug|Any CPU
		{A7FD0815-B8F0-4BB4-9867-B9FF465EAAB4}.Debug|Any CPU.Build.0 = Debug|Any CPU
		{A7FD0815-B8F0-4BB4-9867-B9FF465EAAB4}.Release|Any CPU.ActiveCfg = Release|Any CPU
		{A7FD0815-B8F0-4BB4-9867-B9FF465EAAB4}.Release|Any CPU.Build.0 = Release|Any CPU
		{C823E8C4-2FF7-40A6-9ECC-652464ABB78D}.Debug|Any CPU.ActiveCfg = Debug|Any CPU
		{C823E8C4-2FF7-40A6-9ECC-652464ABB78D}.Debug|Any CPU.Build.0 = Debug|Any CPU
		{C823E8C4-2FF7-40A6-9ECC-652464ABB78D}.Release|Any CPU.ActiveCfg = Release|Any CPU
		{C823E8C4-2FF7-40A6-9ECC-652464ABB78D}.Release|Any CPU.Build.0 = Release|Any CPU
	EndGlobalSection
	GlobalSection(SolutionProperties) = preSolution
		HideSolutionNode = FALSE
	EndGlobalSection
	GlobalSection(ExtensibilityGlobals) = postSolution
		SolutionGuid = {2ED14400-332A-448B-9E40-6F4868AF560B}
	EndGlobalSection
EndGlobal
